# THIS IS AN AUTOGENERATED FILE. DO NOT EDIT THIS FILE DIRECTLY.
# yarn lockfile v1


"@babel/runtime@^7.12.0":
  version "7.17.8"
  resolved "https://registry.yarnpkg.com/@babel/runtime/-/runtime-7.17.8.tgz#3e56e4aff81befa55ac3ac6a0967349fd1c5bca2"
  integrity sha512-dQpEpK0O9o6lj6oPu0gRDbbnk+4LeHlNcBpspf6Olzt3GIX4P1lWF1gS+pHLDFlaJvbR6q7jCfQ08zA4QJBnmA==
  dependencies:
    regenerator-runtime "^0.13.4"

argparse@^1.0.7:
  version "1.0.10"
  resolved "https://registry.yarnpkg.com/argparse/-/argparse-1.0.10.tgz#bcd6791ea5ae09725e17e5ad988134cd40b3d911"
  integrity sha512-o5Roy6tNG4SL/FOkCAN6RzjiakZS25RLYFrcMttJqbdd8BWrnA+fGz57iN5Pb06pvBGvl5gQ0B48dJlslXvoTg==
  dependencies:
    sprintf-js "~1.0.2"

call-me-maybe@^1.0.1:
  version "1.0.1"
  resolved "https://registry.yarnpkg.com/call-me-maybe/-/call-me-maybe-1.0.1.tgz#26d208ea89e37b5cbde60250a15f031c16a4d66b"
  integrity sha1-JtII6onje1y95gJQoV8DHBak1ms=

esbuild-android-64@0.14.25:
  version "0.14.25"
  resolved "https://registry.yarnpkg.com/esbuild-android-64/-/esbuild-android-64-0.14.25.tgz#d532d38cb5fe0ae45167ce35f4bbc784c636be40"
  integrity sha512-L5vCUk7TzFbBnoESNoXjU3x9+/+7TDIE/1mTfy/erAfvZAqC+S3sp/Qa9wkypFMcFvN9FzvESkTlpeQDolREtQ==

esbuild-android-arm64@0.14.25:
  version "0.14.25"
  resolved "https://registry.yarnpkg.com/esbuild-android-arm64/-/esbuild-android-arm64-0.14.25.tgz#9c5bb3366aabfd14a1c726d36978b79441dfcb6e"
  integrity sha512-4jv5xPjM/qNm27T5j3ZEck0PvjgQtoMHnz4FzwF5zNP56PvY2CT0WStcAIl6jNlsuDdN63rk2HRBIsO6xFbcFw==

esbuild-darwin-64@0.14.25:
  version "0.14.25"
  resolved "https://registry.yarnpkg.com/esbuild-darwin-64/-/esbuild-darwin-64-0.14.25.tgz#05dcdb6d884f427039ffee5e92ff97527e56c26d"
  integrity sha512-TGp8tuudIxOyWd1+8aYPxQmC1ZQyvij/AfNBa35RubixD0zJ1vkKHVAzo0Zao1zcG6pNqiSyzfPto8vmg0s7oA==

esbuild-darwin-arm64@0.14.25:
  version "0.14.25"
  resolved "https://registry.yarnpkg.com/esbuild-darwin-arm64/-/esbuild-darwin-arm64-0.14.25.tgz#28e080da4ea0cfe9498071e7f8060498caee1a95"
  integrity sha512-oTcDgdm0MDVEmw2DWu8BV68pYuImpFgvWREPErBZmNA4MYKGuBRaCiJqq6jZmBR1x+3y1DWCjez+5uLtuAm6mw==

esbuild-freebsd-64@0.14.25:
  version "0.14.25"
  resolved "https://registry.yarnpkg.com/esbuild-freebsd-64/-/esbuild-freebsd-64-0.14.25.tgz#200d3664a3b945bc9fdcba73614b49a11ebd1cfa"
  integrity sha512-ueAqbnMZ8arnuLH8tHwTCQYeptnHOUV7vA6px6j4zjjQwDx7TdP7kACPf3TLZLdJQ3CAD1XCvQ2sPhX+8tacvQ==

esbuild-freebsd-arm64@0.14.25:
  version "0.14.25"
  resolved "https://registry.yarnpkg.com/esbuild-freebsd-arm64/-/esbuild-freebsd-arm64-0.14.25.tgz#624b08c5da6013bdc312aaa23c4ff409580f5c3c"
  integrity sha512-+ZVWud2HKh+Ob6k/qiJWjBtUg4KmJGGmbvEXXW1SNKS7hW7HU+Zq2ZCcE1akFxOPkVB+EhOty/sSek30tkCYug==

esbuild-linux-32@0.14.25:
  version "0.14.25"
  resolved "https://registry.yarnpkg.com/esbuild-linux-32/-/esbuild-linux-32-0.14.25.tgz#0238e597eb0b60aa06c7e98fccbbfd6bb9a0d6c5"
  integrity sha512-3OP/lwV3kCzEz45tobH9nj+uE4ubhGsfx+tn0L26WAGtUbmmcRpqy7XRG/qK7h1mClZ+eguIANcQntYMdYklfw==

esbuild-linux-64@0.14.25:
  version "0.14.25"
  resolved "https://registry.yarnpkg.com/esbuild-linux-64/-/esbuild-linux-64-0.14.25.tgz#8a8b8cf47dfce127c858e71229d9a385a82c62e8"
  integrity sha512-+aKHdHZmX9qwVlQmu5xYXh7GsBFf4TWrePgeJTalhXHOG7NNuUwoHmketGiZEoNsWyyqwH9rE5BC+iwcLY30Ug==

esbuild-linux-arm64@0.14.25:
  version "0.14.25"
  resolved "https://registry.yarnpkg.com/esbuild-linux-arm64/-/esbuild-linux-arm64-0.14.25.tgz#7ac94371418a2640ba413bc1700aaedeb2794e52"
  integrity sha512-UxfenPx/wSZx55gScCImPtXekvZQLI2GW3qe5dtlmU7luiqhp5GWPzGeQEbD3yN3xg/pHc671m5bma5Ns7lBHw==

esbuild-linux-arm@0.14.25:
  version "0.14.25"
  resolved "https://registry.yarnpkg.com/esbuild-linux-arm/-/esbuild-linux-arm-0.14.25.tgz#034bd18e9310b9f010c89f90ef7f05706689600b"
  integrity sha512-aTLcE2VBoLydL943REcAcgnDi3bHtmULSXWLbjtBdtykRatJVSxKMjK9YlBXUZC4/YcNQfH7AxwVeQr9fNxPhw==

esbuild-linux-mips64le@0.14.25:
  version "0.14.25"
  resolved "https://registry.yarnpkg.com/esbuild-linux-mips64le/-/esbuild-linux-mips64le-0.14.25.tgz#05f98a8cf6b578eab6b4e6b0ab094f37530934f4"
  integrity sha512-wLWYyqVfYx9Ur6eU5RT92yJVsaBGi5RdkoWqRHOqcJ38Kn60QMlcghsKeWfe9jcYut8LangYZ98xO1LxIoSXrQ==

esbuild-linux-ppc64le@0.14.25:
  version "0.14.25"
  resolved "https://registry.yarnpkg.com/esbuild-linux-ppc64le/-/esbuild-linux-ppc64le-0.14.25.tgz#46fd0add8d8535678439d7a9c2876ad20042d952"
  integrity sha512-0dR6Csl6Zas3g4p9ULckEl8Mo8IInJh33VCJ3eaV1hj9+MHGdmDOakYMN8MZP9/5nl+NU/0ygpd14cWgy8uqRw==

esbuild-linux-riscv64@0.14.25:
  version "0.14.25"
  resolved "https://registry.yarnpkg.com/esbuild-linux-riscv64/-/esbuild-linux-riscv64-0.14.25.tgz#ea2e986f0f3e5df73c635135dd778051734fc605"
  integrity sha512-J4d20HDmTrgvhR0bdkDhvvJGaikH3LzXQnNaseo8rcw9Yqby9A90gKUmWpfwqLVNRILvNnAmKLfBjCKU9ajg8w==

esbuild-linux-s390x@0.14.25:
  version "0.14.25"
  resolved "https://registry.yarnpkg.com/esbuild-linux-s390x/-/esbuild-linux-s390x-0.14.25.tgz#efe89486e9a1b1508925048076e3f3a6698aa6a3"
  integrity sha512-YI2d5V6nTE73ZnhEKQD7MtsPs1EtUZJ3obS21oxQxGbbRw1G+PtJKjNyur+3t6nzHP9oTg6GHQ3S3hOLLmbDIQ==

esbuild-netbsd-64@0.14.25:
  version "0.14.25"
  resolved "https://registry.yarnpkg.com/esbuild-netbsd-64/-/esbuild-netbsd-64-0.14.25.tgz#439fe27d8ee3b5887501ee63988e85f920107db6"
  integrity sha512-TKIVgNWLUOkr+Exrye70XTEE1lJjdQXdM4tAXRzfHE9iBA7LXWcNtVIuSnphTqpanPzTDFarF0yqq4kpbC6miA==

esbuild-openbsd-64@0.14.25:
  version "0.14.25"
  resolved "https://registry.yarnpkg.com/esbuild-openbsd-64/-/esbuild-openbsd-64-0.14.25.tgz#31ebf616aadf6e60674469f2b92cec92280d9930"
  integrity sha512-QgFJ37A15D7NIXBTYEqz29+uw3nNBOIyog+3kFidANn6kjw0GHZ0lEYQn+cwjyzu94WobR+fes7cTl/ZYlHb1A==

esbuild-sunos-64@0.14.25:
  version "0.14.25"
  resolved "https://registry.yarnpkg.com/esbuild-sunos-64/-/esbuild-sunos-64-0.14.25.tgz#815e4f936d74970292a63ccfd5791fe5e3569f5f"
  integrity sha512-rmWfjUItYIVlqr5EnTH1+GCxXiBOC42WBZ3w++qh7n2cS9Xo0lO5pGSG2N+huOU2fX5L+6YUuJ78/vOYvefeFw==

esbuild-windows-32@0.14.25:
  version "0.14.25"
  resolved "https://registry.yarnpkg.com/esbuild-windows-32/-/esbuild-windows-32-0.14.25.tgz#189e14df2478f2c193c86968ab1fb54e1ceaafd2"
  integrity sha512-HGAxVUofl3iUIz9W10Y9XKtD0bNsK9fBXv1D55N/ljNvkrAYcGB8YCm0v7DjlwtyS6ws3dkdQyXadbxkbzaKOA==

esbuild-windows-64@0.14.25:
  version "0.14.25"
  resolved "https://registry.yarnpkg.com/esbuild-windows-64/-/esbuild-windows-64-0.14.25.tgz#3d5fbfdc3856850bb47439299e3b60dd18be111f"
  integrity sha512-TirEohRkfWU9hXLgoDxzhMQD1g8I2mOqvdQF2RS9E/wbkORTAqJHyh7wqGRCQAwNzdNXdg3JAyhQ9/177AadWA==

esbuild-windows-arm64@0.14.25:
  version "0.14.25"
  resolved "https://registry.yarnpkg.com/esbuild-windows-arm64/-/esbuild-windows-arm64-0.14.25.tgz#8b243cbbad8a86cf98697da9ccb88c05df2ef458"
  integrity sha512-4ype9ERiI45rSh+R8qUoBtaj6kJvUOI7oVLhKqPEpcF4Pa5PpT3hm/mXAyotJHREkHpM87PAJcA442mLnbtlNA==

esbuild@0.14.25:
  version "0.14.25"
  resolved "https://registry.yarnpkg.com/esbuild/-/esbuild-0.14.25.tgz#ddb9d47b91ca76abb7d850ce3dfed0bc3dc88d16"
  integrity sha512-4JHEIOMNFvK09ziiL+iVmldIhLbn49V4NAVo888tcGFKedEZY/Y8YapfStJ6zSE23tzYPKxqKwQBnQoIO0BI/Q==
  optionalDependencies:
    esbuild-android-64 "0.14.25"
    esbuild-android-arm64 "0.14.25"
    esbuild-darwin-64 "0.14.25"
    esbuild-darwin-arm64 "0.14.25"
    esbuild-freebsd-64 "0.14.25"
    esbuild-freebsd-arm64 "0.14.25"
    esbuild-linux-32 "0.14.25"
    esbuild-linux-64 "0.14.25"
    esbuild-linux-arm "0.14.25"
    esbuild-linux-arm64 "0.14.25"
    esbuild-linux-mips64le "0.14.25"
    esbuild-linux-ppc64le "0.14.25"
    esbuild-linux-riscv64 "0.14.25"
    esbuild-linux-s390x "0.14.25"
    esbuild-netbsd-64 "0.14.25"
    esbuild-openbsd-64 "0.14.25"
    esbuild-sunos-64 "0.14.25"
    esbuild-windows-32 "0.14.25"
    esbuild-windows-64 "0.14.25"
    esbuild-windows-arm64 "0.14.25"

esprima@^4.0.0:
  version "4.0.1"
  resolved "https://registry.yarnpkg.com/esprima/-/esprima-4.0.1.tgz#13b04cdb3e6c5d19df91ab6987a8695619b0aa71"
  integrity sha512-eGuFFw7Upda+g4p+QHvnW0RyTX/SVeJBDM/gCtMARO0cLuT2HcEKnTPvhjV6aGeqrCB/sbNop0Kszm0jsaWU4A==

format-util@^1.0.3:
  version "1.0.5"
  resolved "https://registry.yarnpkg.com/format-util/-/format-util-1.0.5.tgz#1ffb450c8a03e7bccffe40643180918cc297d271"
  integrity sha512-varLbTj0e0yVyRpqQhuWV+8hlePAgaoFRhNFj50BNjEIrw1/DphHSObtqwskVCPWNgzwPoQrZAbfa/SBiicNeg==

i18next@20.6.1:
  version "20.6.1"
  resolved "https://registry.yarnpkg.com/i18next/-/i18next-20.6.1.tgz#535e5f6e5baeb685c7d25df70db63bf3cc0aa345"
  integrity sha512-yCMYTMEJ9ihCwEQQ3phLo7I/Pwycf8uAx+sRHwwk5U9Aui/IZYgQRyMqXafQOw5QQ7DM1Z+WyEXWIqSuJHhG2A==
  dependencies:
    "@babel/runtime" "^7.12.0"

js-yaml@^3.12.1:
  version "3.14.1"
  resolved "https://registry.yarnpkg.com/js-yaml/-/js-yaml-3.14.1.tgz#dae812fdb3825fa306609a8717383c50c36a0537"
  integrity sha512-okMH7OXXJ7YrN9Ok3/SXrnu4iX9yOk+25nqX4imS2npuvTYDmo/QEZoqwZkYaIDk3jVvBOTOIEgEhaLOynBS9g==
  dependencies:
    argparse "^1.0.7"
    esprima "^4.0.0"

json-schema-faker@0.5.0-rcv.42:
  version "0.5.0-rcv.42"
  resolved "https://registry.yarnpkg.com/json-schema-faker/-/json-schema-faker-0.5.0-rcv.42.tgz#edb4d1793065ed03c5517f24ec7e0c3c8515e056"
  integrity sha512-LL3Hm4mMqiAFOecyiB0ECDXQRf9fbm1JOX/5xVYs87hSHLMPNGVLa3oCcVpKz+pmNs/fuI8R3J4awsLnCZGrkg==
  dependencies:
    json-schema-ref-parser "^6.1.0"
    jsonpath-plus "^5.1.0"

json-schema-ref-parser@^6.1.0:
  version "6.1.0"
  resolved "https://registry.yarnpkg.com/json-schema-ref-parser/-/json-schema-ref-parser-6.1.0.tgz#30af34aeab5bee0431da805dac0eb21b574bf63d"
  integrity sha512-pXe9H1m6IgIpXmE5JSb8epilNTGsmTb2iPohAXpOdhqGFbQjNeHHsZxU+C8w6T81GZxSPFLeUoqDJmzxx5IGuw==
  dependencies:
    call-me-maybe "^1.0.1"
    js-yaml "^3.12.1"
    ono "^4.0.11"

jsonpath-plus@^5.1.0:
  version "5.1.0"
  resolved "https://registry.yarnpkg.com/jsonpath-plus/-/jsonpath-plus-5.1.0.tgz#2fc4b2e461950626c98525425a3a3518b85af6c3"
  integrity sha512-890w2Pjtj0iswAxalRlt2kHthi6HKrXEfZcn+ZNZptv7F3rUGIeDuZo+C+h4vXBHLEsVjJrHeCm35nYeZLzSBQ==

ono@^4.0.11:
  version "4.0.11"
  resolved "https://registry.yarnpkg.com/ono/-/ono-4.0.11.tgz#c7f4209b3e396e8a44ef43b9cedc7f5d791d221d"
  integrity sha512-jQ31cORBFE6td25deYeD80wxKBMj+zBmHTrVxnc6CKhx8gho6ipmWM5zj/oeoqioZ99yqBls9Z/9Nss7J26G2g==
  dependencies:
    format-util "^1.0.3"

regenerator-runtime@^0.13.4:
  version "0.13.9"
  resolved "https://registry.yarnpkg.com/regenerator-runtime/-/regenerator-runtime-0.13.9.tgz#8925742a98ffd90814988d7566ad30ca3b263b52"
  integrity sha512-p3VT+cOEgxFsRRA9X4lkI1E+k2/CtnKtU4gcxyaCUreilL/vqI6CdZ3wxVUx3UOUg+gnUOQQcRI7BmSI656MYA==

sprintf-js@~1.0.2:
  version "1.0.3"
  resolved "https://registry.yarnpkg.com/sprintf-js/-/sprintf-js-1.0.3.tgz#04e6926f662895354f3dd015203633b857297e2c"
  integrity sha1-BOaSb2YolTVPPdAVIDYzuFcpfiw=
